
Microsoft Visual Studio Solution File, Format Version 12.00
# Visual Studio Version 18
VisualStudioVersion = 18.2.11415.280
MinimumVisualStudioVersion = 10.0.40219.1
Project("{2150E333-8FDC-42A3-9474-1A3956D46DE8}") = "ApiGateway", "ApiGateway", "{E6E14ECA-6BD3-4302-A822-763E5C86156A}"
EndProject
Project("{9A19103F-16F7-4668-BE54-9A1E7A4F7556}") = "Gateway", "ApiGateway\Gateway\Gateway.csproj", "{A7934897-92FA-4526-88C2-D88CE4CC9C28}"
EndProject
Project("{2150E333-8FDC-42A3-9474-1A3956D46DE8}") = "Microservices", "Microservices", "{B1A038E9-B08B-4183-854E-163DB0DF4BFF}"
EndProject
Project("{2150E333-8FDC-42A3-9474-1A3956D46DE8}") = "networker", "networker", "{32C0B7F9-9AF5-4529-A810-72074DA93F2E}"
EndProject
Project("{2150E333-8FDC-42A3-9474-1A3956D46DE8}") = "src", "src", "{90030B4A-76A0-4744-860C-E9FC18643C58}"
EndProject
Project("{9A19103F-16F7-4668-BE54-9A1E7A4F7556}") = "Api", "Microservices\networker\src\Api\Api.csproj", "{508AF6BD-9026-4076-A21C-3CE64BC3D9A7}"
EndProject
Project("{2150E333-8FDC-42A3-9474-1A3956D46DE8}") = "netcoreapi", "netcoreapi", "{2E263B6E-B5BD-4DB6-9E52-CB68234FCA29}"
EndProject
Project("{2150E333-8FDC-42A3-9474-1A3956D46DE8}") = "src", "src", "{867E30B3-09D3-47E3-821A-D7AA2C27BF1E}"
EndProject
Project("{2150E333-8FDC-42A3-9474-1A3956D46DE8}") = "tests", "tests", "{747D918F-B6FB-47AB-9AB1-44794FE1BE59}"
EndProject
Project("{9A19103F-16F7-4668-BE54-9A1E7A4F7556}") = "Api", "Microservices\netcoreapi\src\Api\Api.csproj", "{01E9D665-A5D7-499B-8DD7-1B695407C366}"
EndProject
Project("{9A19103F-16F7-4668-BE54-9A1E7A4F7556}") = "Application", "Microservices\netcoreapi\src\Application\Application.csproj", "{3D22FAB7-77A3-44A3-8919-FD1707CC487B}"
EndProject
Project("{9A19103F-16F7-4668-BE54-9A1E7A4F7556}") = "Domain", "Microservices\netcoreapi\src\Domain\Domain.csproj", "{18550025-1839-467A-9D3E-DAB09F8C5C27}"
EndProject
Project("{9A19103F-16F7-4668-BE54-9A1E7A4F7556}") = "Infrastructure", "Microservices\netcoreapi\src\Infrastructure\Infrastructure.csproj", "{C8264094-8F8B-4C9A-A260-D4A7F1BD0685}"
EndProject
Project("{9A19103F-16F7-4668-BE54-9A1E7A4F7556}") = "Application.IntegrationTests", "Microservices\netcoreapi\tests\Application.IntegrationTests\Application.IntegrationTests.csproj", "{1E415C8C-5D5C-4765-B923-5B127A69FB76}"
EndProject
Project("{9A19103F-16F7-4668-BE54-9A1E7A4F7556}") = "Application.UnitTests", "Microservices\netcoreapi\tests\Application.UnitTests\Application.UnitTests.csproj", "{8B446D03-F37B-4844-8E07-9FA526E2D954}"
EndProject
Project("{2150E333-8FDC-42A3-9474-1A3956D46DE8}") = "Auth", "Auth", "{893D5051-9BA5-45AC-84F4-B399BFF417E8}"
EndProject
Project("{2150E333-8FDC-42A3-9474-1A3956D46DE8}") = "NetAuthLib", "NetAuthLib", "{AF349AFE-2856-447B-860C-656816EDB31E}"
EndProject
Project("{FAE04EC0-301F-11D3-BF4B-00C04F79EFBC}") = "NetAuth.Lib", "Auth\netauthlib\NetAuth.Lib.csproj", "{A1061024-CC6B-4E3D-AADE-46EEB607F9C9}"
EndProject
Project("{2150E333-8FDC-42A3-9474-1A3956D46DE8}") = "netnotificationapi", "netnotificationapi", "{20C9587E-21C3-4667-B90F-9D23A0DD194C}"
EndProject
Project("{2150E333-8FDC-42A3-9474-1A3956D46DE8}") = "src", "src", "{811D024F-C1F7-4BB5-AA6D-186B43B90BFE}"
EndProject
Project("{FAE04EC0-301F-11D3-BF4B-00C04F79EFBC}") = "Api", "Microservices\netnotificationapi\src\Api\Api.csproj", "{5F5A389D-7633-47AD-A3EB-62927357B3B5}"
EndProject
Project("{FAE04EC0-301F-11D3-BF4B-00C04F79EFBC}") = "Application", "Microservices\netnotificationapi\src\Application\Application.csproj", "{CF378213-0019-49FC-82F9-4C46E85CA213}"
EndProject
Project("{FAE04EC0-301F-11D3-BF4B-00C04F79EFBC}") = "Domain", "Microservices\netnotificationapi\src\Domain\Domain.csproj", "{7A6F5EAC-1CE6-4AE1-9AAD-05B6ADA66065}"
EndProject
Project("{FAE04EC0-301F-11D3-BF4B-00C04F79EFBC}") = "Infrastructure", "Microservices\netnotificationapi\src\Infrastructure\Infrastructure.csproj", "{48DD5B88-3857-4F0F-8D7E-A941CF12A944}"
EndProject
Project("{FAE04EC0-301F-11D3-BF4B-00C04F79EFBC}") = "Resources", "Microservices\netnotificationapi\src\Resources\Resources.csproj", "{841A7A52-BCFB-4D8A-8F30-4AD05DA52C5F}"
EndProject
Project("{2150E333-8FDC-42A3-9474-1A3956D46DE8}") = "Solution Items", "Solution Items", "{8EC462FD-D22E-90A8-E5CE-7E832BA40C5D}"
	ProjectSection(SolutionItems) = preProject
		CLAUDE.md = CLAUDE.md
		codemap.json = codemap.json
		RecomendedPractices.txt = RecomendedPractices.txt
		SECURITY.md = SECURITY.md
	EndProjectSection
EndProject
Project("{FAE04EC0-301F-11D3-BF4B-00C04F79EFBC}") = "Messaging.Contract", "Messaging.Contract\Messaging.Contract.csproj", "{1A92BFAE-AAED-E166-4354-4C4A70EB505C}"
EndProject
Project("{FAE04EC0-301F-11D3-BF4B-00C04F79EFBC}") = "Resources", "Microservices\netcoreapi\src\Resources\Resources.csproj", "{3098B620-BF35-9AC8-EA36-F717505D5679}"
EndProject
Project("{2150E333-8FDC-42A3-9474-1A3956D46DE8}") = "netauth.contract", "netauth.contract", "{438BD9EB-DEC3-4723-946C-06B991C7301D}"
EndProject
Project("{FAE04EC0-301F-11D3-BF4B-00C04F79EFBC}") = "NetAuth.Contract", "Auth\netauth.contract\NetAuth.Contract.csproj", "{D837E4A1-2A40-4B55-6F42-C947B1684058}"
EndProject
Global
	GlobalSection(SolutionConfigurationPlatforms) = preSolution
		Debug|Any CPU = Debug|Any CPU
		Debug|x64 = Debug|x64
		Debug|x86 = Debug|x86
		Release|Any CPU = Release|Any CPU
		Release|x64 = Release|x64
		Release|x86 = Release|x86
	EndGlobalSection
	GlobalSection(ProjectConfigurationPlatforms) = postSolution
		{A7934897-92FA-4526-88C2-D88CE4CC9C28}.Debug|Any CPU.ActiveCfg = Debug|Any CPU
		{A7934897-92FA-4526-88C2-D88CE4CC9C28}.Debug|Any CPU.Build.0 = Debug|Any CPU
		{A7934897-92FA-4526-88C2-D88CE4CC9C28}.Debug|x64.ActiveCfg = Debug|Any CPU
		{A7934897-92FA-4526-88C2-D88CE4CC9C28}.Debug|x64.Build.0 = Debug|Any CPU
		{A7934897-92FA-4526-88C2-D88CE4CC9C28}.Debug|x86.ActiveCfg = Debug|Any CPU
		{A7934897-92FA-4526-88C2-D88CE4CC9C28}.Debug|x86.Build.0 = Debug|Any CPU
		{A7934897-92FA-4526-88C2-D88CE4CC9C28}.Release|Any CPU.ActiveCfg = Release|Any CPU
		{A7934897-92FA-4526-88C2-D88CE4CC9C28}.Release|Any CPU.Build.0 = Release|Any CPU
		{A7934897-92FA-4526-88C2-D88CE4CC9C28}.Release|x64.ActiveCfg = Release|Any CPU
		{A7934897-92FA-4526-88C2-D88CE4CC9C28}.Release|x64.Build.0 = Release|Any CPU
		{A7934897-92FA-4526-88C2-D88CE4CC9C28}.Release|x86.ActiveCfg = Release|Any CPU
		{A7934897-92FA-4526-88C2-D88CE4CC9C28}.Release|x86.Build.0 = Release|Any CPU
		{508AF6BD-9026-4076-A21C-3CE64BC3D9A7}.Debug|Any CPU.ActiveCfg = Debug|Any CPU
		{508AF6BD-9026-4076-A21C-3CE64BC3D9A7}.Debug|Any CPU.Build.0 = Debug|Any CPU
		{508AF6BD-9026-4076-A21C-3CE64BC3D9A7}.Debug|x64.ActiveCfg = Debug|Any CPU
		{508AF6BD-9026-4076-A21C-3CE64BC3D9A7}.Debug|x64.Build.0 = Debug|Any CPU
		{508AF6BD-9026-4076-A21C-3CE64BC3D9A7}.Debug|x86.ActiveCfg = Debug|Any CPU
		{508AF6BD-9026-4076-A21C-3CE64BC3D9A7}.Debug|x86.Build.0 = Debug|Any CPU
		{508AF6BD-9026-4076-A21C-3CE64BC3D9A7}.Release|Any CPU.ActiveCfg = Release|Any CPU
		{508AF6BD-9026-4076-A21C-3CE64BC3D9A7}.Release|Any CPU.Build.0 = Release|Any CPU
		{508AF6BD-9026-4076-A21C-3CE64BC3D9A7}.Release|x64.ActiveCfg = Release|Any CPU
		{508AF6BD-9026-4076-A21C-3CE64BC3D9A7}.Release|x64.Build.0 = Release|Any CPU
		{508AF6BD-9026-4076-A21C-3CE64BC3D9A7}.Release|x86.ActiveCfg = Release|Any CPU
		{508AF6BD-9026-4076-A21C-3CE64BC3D9A7}.Release|x86.Build.0 = Release|Any CPU
		{01E9D665-A5D7-499B-8DD7-1B695407C366}.Debug|Any CPU.ActiveCfg = Debug|Any CPU
		{01E9D665-A5D7-499B-8DD7-1B695407C366}.Debug|Any CPU.Build.0 = Debug|Any CPU
		{01E9D665-A5D7-499B-8DD7-1B695407C366}.Debug|x64.ActiveCfg = Debug|Any CPU
		{01E9D665-A5D7-499B-8DD7-1B695407C366}.Debug|x64.Build.0 = Debug|Any CPU
		{01E9D665-A5D7-499B-8DD7-1B695407C366}.Debug|x86.ActiveCfg = Debug|Any CPU
		{01E9D665-A5D7-499B-8DD7-1B695407C366}.Debug|x86.Build.0 = Debug|Any CPU
		{01E9D665-A5D7-499B-8DD7-1B695407C366}.Release|Any CPU.ActiveCfg = Release|Any CPU
		{01E9D665-A5D7-499B-8DD7-1B695407C366}.Release|Any CPU.Build.0 = Release|Any CPU
		{01E9D665-A5D7-499B-8DD7-1B695407C366}.Release|x64.ActiveCfg = Release|Any CPU
		{01E9D665-A5D7-499B-8DD7-1B695407C366}.Release|x64.Build.0 = Release|Any CPU
		{01E9D665-A5D7-499B-8DD7-1B695407C366}.Release|x86.ActiveCfg = Release|Any CPU
		{01E9D665-A5D7-499B-8DD7-1B695407C366}.Release|x86.Build.0 = Release|Any CPU
		{3D22FAB7-77A3-44A3-8919-FD1707CC487B}.Debug|Any CPU.ActiveCfg = Debug|Any CPU
		{3D22FAB7-77A3-44A3-8919-FD1707CC487B}.Debug|Any CPU.Build.0 = Debug|Any CPU
		{3D22FAB7-77A3-44A3-8919-FD1707CC487B}.Debug|x64.ActiveCfg = Debug|Any CPU
		{3D22FAB7-77A3-44A3-8919-FD1707CC487B}.Debug|x64.Build.0 = Debug|Any CPU
		{3D22FAB7-77A3-44A3-8919-FD1707CC487B}.Debug|x86.ActiveCfg = Debug|Any CPU
		{3D22FAB7-77A3-44A3-8919-FD1707CC487B}.Debug|x86.Build.0 = Debug|Any CPU
		{3D22FAB7-77A3-44A3-8919-FD1707CC487B}.Release|Any CPU.ActiveCfg = Release|Any CPU
		{3D22FAB7-77A3-44A3-8919-FD1707CC487B}.Release|Any CPU.Build.0 = Release|Any CPU
		{3D22FAB7-77A3-44A3-8919-FD1707CC487B}.Release|x64.ActiveCfg = Release|Any CPU
		{3D22FAB7-77A3-44A3-8919-FD1707CC487B}.Release|x64.Build.0 = Release|Any CPU
		{3D22FAB7-77A3-44A3-8919-FD1707CC487B}.Release|x86.ActiveCfg = Release|Any CPU
		{3D22FAB7-77A3-44A3-8919-FD1707CC487B}.Release|x86.Build.0 = Release|Any CPU
		{18550025-1839-467A-9D3E-DAB09F8C5C27}.Debug|Any CPU.ActiveCfg = Debug|Any CPU
		{18550025-1839-467A-9D3E-DAB09F8C5C27}.Debug|Any CPU.Build.0 = Debug|Any CPU
		{18550025-1839-467A-9D3E-DAB09F8C5C27}.Debug|x64.ActiveCfg = Debug|Any CPU
		{18550025-1839-467A-9D3E-DAB09F8C5C27}.Debug|x64.Build.0 = Debug|Any CPU
		{18550025-1839-467A-9D3E-DAB09F8C5C27}.Debug|x86.ActiveCfg = Debug|Any CPU
		{18550025-1839-467A-9D3E-DAB09F8C5C27}.Debug|x86.Build.0 = Debug|Any CPU
		{18550025-1839-467A-9D3E-DAB09F8C5C27}.Release|Any CPU.ActiveCfg = Release|Any CPU
		{18550025-1839-467A-9D3E-DAB09F8C5C27}.Release|Any CPU.Build.0 = Release|Any CPU
		{18550025-1839-467A-9D3E-DAB09F8C5C27}.Release|x64.ActiveCfg = Release|Any CPU
		{18550025-1839-467A-9D3E-DAB09F8C5C27}.Release|x64.Build.0 = Release|Any CPU
		{18550025-1839-467A-9D3E-DAB09F8C5C27}.Release|x86.ActiveCfg = Release|Any CPU
		{18550025-1839-467A-9D3E-DAB09F8C5C27}.Release|x86.Build.0 = Release|Any CPU
		{C8264094-8F8B-4C9A-A260-D4A7F1BD0685}.Debug|Any CPU.ActiveCfg = Debug|Any CPU
		{C8264094-8F8B-4C9A-A260-D4A7F1BD0685}.Debug|Any CPU.Build.0 = Debug|Any CPU
		{C8264094-8F8B-4C9A-A260-D4A7F1BD0685}.Debug|x64.ActiveCfg = Debug|Any CPU
		{C8264094-8F8B-4C9A-A260-D4A7F1BD0685}.Debug|x64.Build.0 = Debug|Any CPU
		{C8264094-8F8B-4C9A-A260-D4A7F1BD0685}.Debug|x86.ActiveCfg = Debug|Any CPU
		{C8264094-8F8B-4C9A-A260-D4A7F1BD0685}.Debug|x86.Build.0 = Debug|Any CPU
		{C8264094-8F8B-4C9A-A260-D4A7F1BD0685}.Release|Any CPU.ActiveCfg = Release|Any CPU
		{C8264094-8F8B-4C9A-A260-D4A7F1BD0685}.Release|Any CPU.Build.0 = Release|Any CPU
		{C8264094-8F8B-4C9A-A260-D4A7F1BD0685}.Release|x64.ActiveCfg = Release|Any CPU
		{C8264094-8F8B-4C9A-A260-D4A7F1BD0685}.Release|x64.Build.0 = Release|Any CPU
		{C8264094-8F8B-4C9A-A260-D4A7F1BD0685}.Release|x86.ActiveCfg = Release|Any CPU
		{C8264094-8F8B-4C9A-A260-D4A7F1BD0685}.Release|x86.Build.0 = Release|Any CPU
		{1E415C8C-5D5C-4765-B923-5B127A69FB76}.Debug|Any CPU.ActiveCfg = Debug|Any CPU
		{1E415C8C-5D5C-4765-B923-5B127A69FB76}.Debug|Any CPU.Build.0 = Debug|Any CPU
		{1E415C8C-5D5C-4765-B923-5B127A69FB76}.Debug|x64.ActiveCfg = Debug|Any CPU
		{1E415C8C-5D5C-4765-B923-5B127A69FB76}.Debug|x64.Build.0 = Debug|Any CPU
		{1E415C8C-5D5C-4765-B923-5B127A69FB76}.Debug|x86.ActiveCfg = Debug|Any CPU
		{1E415C8C-5D5C-4765-B923-5B127A69FB76}.Debug|x86.Build.0 = Debug|Any CPU
		{1E415C8C-5D5C-4765-B923-5B127A69FB76}.Release|Any CPU.ActiveCfg = Release|Any CPU
		{1E415C8C-5D5C-4765-B923-5B127A69FB76}.Release|Any CPU.Build.0 = Release|Any CPU
		{1E415C8C-5D5C-4765-B923-5B127A69FB76}.Release|x64.ActiveCfg = Release|Any CPU
		{1E415C8C-5D5C-4765-B923-5B127A69FB76}.Release|x64.Build.0 = Release|Any CPU
		{1E415C8C-5D5C-4765-B923-5B127A69FB76}.Release|x86.ActiveCfg = Release|Any CPU
		{1E415C8C-5D5C-4765-B923-5B127A69FB76}.Release|x86.Build.0 = Release|Any CPU
		{8B446D03-F37B-4844-8E07-9FA526E2D954}.Debug|Any CPU.ActiveCfg = Debug|Any CPU
		{8B446D03-F37B-4844-8E07-9FA526E2D954}.Debug|Any CPU.Build.0 = Debug|Any CPU
		{8B446D03-F37B-4844-8E07-9FA526E2D954}.Debug|x64.ActiveCfg = Debug|Any CPU
		{8B446D03-F37B-4844-8E07-9FA526E2D954}.Debug|x64.Build.0 = Debug|Any CPU
		{8B446D03-F37B-4844-8E07-9FA526E2D954}.Debug|x86.ActiveCfg = Debug|Any CPU
		{8B446D03-F37B-4844-8E07-9FA526E2D954}.Debug|x86.Build.0 = Debug|Any CPU
		{8B446D03-F37B-4844-8E07-9FA526E2D954}.Release|Any CPU.ActiveCfg = Release|Any CPU
		{8B446D03-F37B-4844-8E07-9FA526E2D954}.Release|Any CPU.Build.0 = Release|Any CPU
		{8B446D03-F37B-4844-8E07-9FA526E2D954}.Release|x64.ActiveCfg = Release|Any CPU
		{8B446D03-F37B-4844-8E07-9FA526E2D954}.Release|x64.Build.0 = Release|Any CPU
		{8B446D03-F37B-4844-8E07-9FA526E2D954}.Release|x86.ActiveCfg = Release|Any CPU
		{8B446D03-F37B-4844-8E07-9FA526E2D954}.Release|x86.Build.0 = Release|Any CPU
		{A1061024-CC6B-4E3D-AADE-46EEB607F9C9}.Debug|Any CPU.ActiveCfg = Debug|Any CPU
		{A1061024-CC6B-4E3D-AADE-46EEB607F9C9}.Debug|Any CPU.Build.0 = Debug|Any CPU
		{A1061024-CC6B-4E3D-AADE-46EEB607F9C9}.Debug|x64.ActiveCfg = Debug|Any CPU
		{A1061024-CC6B-4E3D-AADE-46EEB607F9C9}.Debug|x64.Build.0 = Debug|Any CPU
		{A1061024-CC6B-4E3D-AADE-46EEB607F9C9}.Debug|x86.ActiveCfg = Debug|Any CPU
		{A1061024-CC6B-4E3D-AADE-46EEB607F9C9}.Debug|x86.Build.0 = Debug|Any CPU
		{A1061024-CC6B-4E3D-AADE-46EEB607F9C9}.Release|Any CPU.ActiveCfg = Release|Any CPU
		{A1061024-CC6B-4E3D-AADE-46EEB607F9C9}.Release|Any CPU.Build.0 = Release|Any CPU
		{A1061024-CC6B-4E3D-AADE-46EEB607F9C9}.Release|x64.ActiveCfg = Release|Any CPU
		{A1061024-CC6B-4E3D-AADE-46EEB607F9C9}.Release|x64.Build.0 = Release|Any CPU
		{A1061024-CC6B-4E3D-AADE-46EEB607F9C9}.Release|x86.ActiveCfg = Release|Any CPU
		{A1061024-CC6B-4E3D-AADE-46EEB607F9C9}.Release|x86.Build.0 = Release|Any CPU
		{5F5A389D-7633-47AD-A3EB-62927357B3B5}.Debug|Any CPU.ActiveCfg = Debug|Any CPU
		{5F5A389D-7633-47AD-A3EB-62927357B3B5}.Debug|Any CPU.Build.0 = Debug|Any CPU
		{5F5A389D-7633-47AD-A3EB-62927357B3B5}.Debug|x64.ActiveCfg = Debug|Any CPU
		{5F5A389D-7633-47AD-A3EB-62927357B3B5}.Debug|x64.Build.0 = Debug|Any CPU
		{5F5A389D-7633-47AD-A3EB-62927357B3B5}.Debug|x86.ActiveCfg = Debug|Any CPU
		{5F5A389D-7633-47AD-A3EB-62927357B3B5}.Debug|x86.Build.0 = Debug|Any CPU
		{5F5A389D-7633-47AD-A3EB-62927357B3B5}.Release|Any CPU.ActiveCfg = Release|Any CPU
		{5F5A389D-7633-47AD-A3EB-62927357B3B5}.Release|Any CPU.Build.0 = Release|Any CPU
		{5F5A389D-7633-47AD-A3EB-62927357B3B5}.Release|x64.ActiveCfg = Release|Any CPU
		{5F5A389D-7633-47AD-A3EB-62927357B3B5}.Release|x64.Build.0 = Release|Any CPU
		{5F5A389D-7633-47AD-A3EB-62927357B3B5}.Release|x86.ActiveCfg = Release|Any CPU
		{5F5A389D-7633-47AD-A3EB-62927357B3B5}.Release|x86.Build.0 = Release|Any CPU
		{CF378213-0019-49FC-82F9-4C46E85CA213}.Debug|Any CPU.ActiveCfg = Debug|Any CPU
		{CF378213-0019-49FC-82F9-4C46E85CA213}.Debug|Any CPU.Build.0 = Debug|Any CPU
		{CF378213-0019-49FC-82F9-4C46E85CA213}.Debug|x64.ActiveCfg = Debug|Any CPU
		{CF378213-0019-49FC-82F9-4C46E85CA213}.Debug|x64.Build.0 = Debug|Any CPU
		{CF378213-0019-49FC-82F9-4C46E85CA213}.Debug|x86.ActiveCfg = Debug|Any CPU
		{CF378213-0019-49FC-82F9-4C46E85CA213}.Debug|x86.Build.0 = Debug|Any CPU
		{CF378213-0019-49FC-82F9-4C46E85CA213}.Release|Any CPU.ActiveCfg = Release|Any CPU
		{CF378213-0019-49FC-82F9-4C46E85CA213}.Release|Any CPU.Build.0 = Release|Any CPU
		{CF378213-0019-49FC-82F9-4C46E85CA213}.Release|x64.ActiveCfg = Release|Any CPU
		{CF378213-0019-49FC-82F9-4C46E85CA213}.Release|x64.Build.0 = Release|Any CPU
		{CF378213-0019-49FC-82F9-4C46E85CA213}.Release|x86.ActiveCfg = Release|Any CPU
		{CF378213-0019-49FC-82F9-4C46E85CA213}.Release|x86.Build.0 = Release|Any CPU
		{7A6F5EAC-1CE6-4AE1-9AAD-05B6ADA66065}.Debug|Any CPU.ActiveCfg = Debug|Any CPU
		{7A6F5EAC-1CE6-4AE1-9AAD-05B6ADA66065}.Debug|Any CPU.Build.0 = Debug|Any CPU
		{7A6F5EAC-1CE6-4AE1-9AAD-05B6ADA66065}.Debug|x64.ActiveCfg = Debug|Any CPU
		{7A6F5EAC-1CE6-4AE1-9AAD-05B6ADA66065}.Debug|x64.Build.0 = Debug|Any CPU
		{7A6F5EAC-1CE6-4AE1-9AAD-05B6ADA66065}.Debug|x86.ActiveCfg = Debug|Any CPU
		{7A6F5EAC-1CE6-4AE1-9AAD-05B6ADA66065}.Debug|x86.Build.0 = Debug|Any CPU
		{7A6F5EAC-1CE6-4AE1-9AAD-05B6ADA66065}.Release|Any CPU.ActiveCfg = Release|Any CPU
		{7A6F5EAC-1CE6-4AE1-9AAD-05B6ADA66065}.Release|Any CPU.Build.0 = Release|Any CPU
		{7A6F5EAC-1CE6-4AE1-9AAD-05B6ADA66065}.Release|x64.ActiveCfg = Release|Any CPU
		{7A6F5EAC-1CE6-4AE1-9AAD-05B6ADA66065}.Release|x64.Build.0 = Release|Any CPU
		{7A6F5EAC-1CE6-4AE1-9AAD-05B6ADA66065}.Release|x86.ActiveCfg = Release|Any CPU
		{7A6F5EAC-1CE6-4AE1-9AAD-05B6ADA66065}.Release|x86.Build.0 = Release|Any CPU
		{48DD5B88-3857-4F0F-8D7E-A941CF12A944}.Debug|Any CPU.ActiveCfg = Debug|Any CPU
		{48DD5B88-3857-4F0F-8D7E-A941CF12A944}.Debug|Any CPU.Build.0 = Debug|Any CPU
		{48DD5B88-3857-4F0F-8D7E-A941CF12A944}.Debug|x64.ActiveCfg = Debug|Any CPU
		{48DD5B88-3857-4F0F-8D7E-A941CF12A944}.Debug|x64.Build.0 = Debug|Any CPU
		{48DD5B88-3857-4F0F-8D7E-A941CF12A944}.Debug|x86.ActiveCfg = Debug|Any CPU
		{48DD5B88-3857-4F0F-8D7E-A941CF12A944}.Debug|x86.Build.0 = Debug|Any CPU
		{48DD5B88-3857-4F0F-8D7E-A941CF12A944}.Release|Any CPU.ActiveCfg = Release|Any CPU
		{48DD5B88-3857-4F0F-8D7E-A941CF12A944}.Release|Any CPU.Build.0 = Release|Any CPU
		{48DD5B88-3857-4F0F-8D7E-A941CF12A944}.Release|x64.ActiveCfg = Release|Any CPU
		{48DD5B88-3857-4F0F-8D7E-A941CF12A944}.Release|x64.Build.0 = Release|Any CPU
		{48DD5B88-3857-4F0F-8D7E-A941CF12A944}.Release|x86.ActiveCfg = Release|Any CPU
		{48DD5B88-3857-4F0F-8D7E-A941CF12A944}.Release|x86.Build.0 = Release|Any CPU
		{841A7A52-BCFB-4D8A-8F30-4AD05DA52C5F}.Debug|Any CPU.ActiveCfg = Debug|Any CPU
		{841A7A52-BCFB-4D8A-8F30-4AD05DA52C5F}.Debug|Any CPU.Build.0 = Debug|Any CPU
		{841A7A52-BCFB-4D8A-8F30-4AD05DA52C5F}.Debug|x64.ActiveCfg = Debug|Any CPU
		{841A7A52-BCFB-4D8A-8F30-4AD05DA52C5F}.Debug|x64.Build.0 = Debug|Any CPU
		{841A7A52-BCFB-4D8A-8F30-4AD05DA52C5F}.Debug|x86.ActiveCfg = Debug|Any CPU
		{841A7A52-BCFB-4D8A-8F30-4AD05DA52C5F}.Debug|x86.Build.0 = Debug|Any CPU
		{841A7A52-BCFB-4D8A-8F30-4AD05DA52C5F}.Release|Any CPU.ActiveCfg = Release|Any CPU
		{841A7A52-BCFB-4D8A-8F30-4AD05DA52C5F}.Release|Any CPU.Build.0 = Release|Any CPU
		{841A7A52-BCFB-4D8A-8F30-4AD05DA52C5F}.Release|x64.ActiveCfg = Release|Any CPU
		{841A7A52-BCFB-4D8A-8F30-4AD05DA52C5F}.Release|x64.Build.0 = Release|Any CPU
		{841A7A52-BCFB-4D8A-8F30-4AD05DA52C5F}.Release|x86.ActiveCfg = Release|Any CPU
		{841A7A52-BCFB-4D8A-8F30-4AD05DA52C5F}.Release|x86.Build.0 = Release|Any CPU
		{1A92BFAE-AAED-E166-4354-4C4A70EB505C}.Debug|Any CPU.ActiveCfg = Debug|Any CPU
		{1A92BFAE-AAED-E166-4354-4C4A70EB505C}.Debug|Any CPU.Build.0 = Debug|Any CPU
		{1A92BFAE-AAED-E166-4354-4C4A70EB505C}.Debug|x64.ActiveCfg = Debug|Any CPU
		{1A92BFAE-AAED-E166-4354-4C4A70EB505C}.Debug|x64.Build.0 = Debug|Any CPU
		{1A92BFAE-AAED-E166-4354-4C4A70EB505C}.Debug|x86.ActiveCfg = Debug|Any CPU
		{1A92BFAE-AAED-E166-4354-4C4A70EB505C}.Debug|x86.Build.0 = Debug|Any CPU
		{1A92BFAE-AAED-E166-4354-4C4A70EB505C}.Release|Any CPU.ActiveCfg = Release|Any CPU
		{1A92BFAE-AAED-E166-4354-4C4A70EB505C}.Release|Any CPU.Build.0 = Release|Any CPU
		{1A92BFAE-AAED-E166-4354-4C4A70EB505C}.Release|x64.ActiveCfg = Release|Any CPU
		{1A92BFAE-AAED-E166-4354-4C4A70EB505C}.Release|x64.Build.0 = Release|Any CPU
		{1A92BFAE-AAED-E166-4354-4C4A70EB505C}.Release|x86.ActiveCfg = Release|Any CPU
		{1A92BFAE-AAED-E166-4354-4C4A70EB505C}.Release|x86.Build.0 = Release|Any CPU
		{3098B620-BF35-9AC8-EA36-F717505D5679}.Debug|Any CPU.ActiveCfg = Debug|Any CPU
		{3098B620-BF35-9AC8-EA36-F717505D5679}.Debug|Any CPU.Build.0 = Debug|Any CPU
		{3098B620-BF35-9AC8-EA36-F717505D5679}.Debug|x64.ActiveCfg = Debug|Any CPU
		{3098B620-BF35-9AC8-EA36-F717505D5679}.Debug|x64.Build.0 = Debug|Any CPU
		{3098B620-BF35-9AC8-EA36-F717505D5679}.Debug|x86.ActiveCfg = Debug|Any CPU
		{3098B620-BF35-9AC8-EA36-F717505D5679}.Debug|x86.Build.0 = Debug|Any CPU
		{3098B620-BF35-9AC8-EA36-F717505D5679}.Release|Any CPU.ActiveCfg = Release|Any CPU
		{3098B620-BF35-9AC8-EA36-F717505D5679}.Release|Any CPU.Build.0 = Release|Any CPU
		{3098B620-BF35-9AC8-EA36-F717505D5679}.Release|x64.ActiveCfg = Release|Any CPU
		{3098B620-BF35-9AC8-EA36-F717505D5679}.Release|x64.Build.0 = Release|Any CPU
		{3098B620-BF35-9AC8-EA36-F717505D5679}.Release|x86.ActiveCfg = Release|Any CPU
		{3098B620-BF35-9AC8-EA36-F717505D5679}.Release|x86.Build.0 = Release|Any CPU
		{D837E4A1-2A40-4B55-6F42-C947B1684058}.Debug|Any CPU.ActiveCfg = Debug|Any CPU
		{D837E4A1-2A40-4B55-6F42-C947B1684058}.Debug|Any CPU.Build.0 = Debug|Any CPU
		{D837E4A1-2A40-4B55-6F42-C947B1684058}.Debug|x64.ActiveCfg = Debug|Any CPU
		{D837E4A1-2A40-4B55-6F42-C947B1684058}.Debug|x64.Build.0 = Debug|Any CPU
		{D837E4A1-2A40-4B55-6F42-C947B1684058}.Debug|x86.ActiveCfg = Debug|Any CPU
		{D837E4A1-2A40-4B55-6F42-C947B1684058}.Debug|x86.Build.0 = Debug|Any CPU
		{D837E4A1-2A40-4B55-6F42-C947B1684058}.Release|Any CPU.ActiveCfg = Release|Any CPU
		{D837E4A1-2A40-4B55-6F42-C947B1684058}.Release|Any CPU.Build.0 = Release|Any CPU
		{D837E4A1-2A40-4B55-6F42-C947B1684058}.Release|x64.ActiveCfg = Release|Any CPU
		{D837E4A1-2A40-4B55-6F42-C947B1684058}.Release|x64.Build.0 = Release|Any CPU
		{D837E4A1-2A40-4B55-6F42-C947B1684058}.Release|x86.ActiveCfg = Release|Any CPU
		{D837E4A1-2A40-4B55-6F42-C947B1684058}.Release|x86.Build.0 = Release|Any CPU
	EndGlobalSection
	GlobalSection(SolutionProperties) = preSolution
		HideSolutionNode = FALSE
	EndGlobalSection
	GlobalSection(NestedProjects) = preSolution
		{A7934897-92FA-4526-88C2-D88CE4CC9C28} = {E6E14ECA-6BD3-4302-A822-763E5C86156A}
		{32C0B7F9-9AF5-4529-A810-72074DA93F2E} = {B1A038E9-B08B-4183-854E-163DB0DF4BFF}
		{90030B4A-76A0-4744-860C-E9FC18643C58} = {32C0B7F9-9AF5-4529-A810-72074DA93F2E}
		{508AF6BD-9026-4076-A21C-3CE64BC3D9A7} = {90030B4A-76A0-4744-860C-E9FC18643C58}
		{2E263B6E-B5BD-4DB6-9E52-CB68234FCA29} = {B1A038E9-B08B-4183-854E-163DB0DF4BFF}
		{867E30B3-09D3-47E3-821A-D7AA2C27BF1E} = {2E263B6E-B5BD-4DB6-9E52-CB68234FCA29}
		{747D918F-B6FB-47AB-9AB1-44794FE1BE59} = {2E263B6E-B5BD-4DB6-9E52-CB68234FCA29}
		{01E9D665-A5D7-499B-8DD7-1B695407C366} = {867E30B3-09D3-47E3-821A-D7AA2C27BF1E}
		{3D22FAB7-77A3-44A3-8919-FD1707CC487B} = {867E30B3-09D3-47E3-821A-D7AA2C27BF1E}
		{18550025-1839-467A-9D3E-DAB09F8C5C27} = {867E30B3-09D3-47E3-821A-D7AA2C27BF1E}
		{C8264094-8F8B-4C9A-A260-D4A7F1BD0685} = {867E30B3-09D3-47E3-821A-D7AA2C27BF1E}
		{1E415C8C-5D5C-4765-B923-5B127A69FB76} = {747D918F-B6FB-47AB-9AB1-44794FE1BE59}
		{8B446D03-F37B-4844-8E07-9FA526E2D954} = {747D918F-B6FB-47AB-9AB1-44794FE1BE59}
		{AF349AFE-2856-447B-860C-656816EDB31E} = {893D5051-9BA5-45AC-84F4-B399BFF417E8}
		{A1061024-CC6B-4E3D-AADE-46EEB607F9C9} = {AF349AFE-2856-447B-860C-656816EDB31E}
		{20C9587E-21C3-4667-B90F-9D23A0DD194C} = {B1A038E9-B08B-4183-854E-163DB0DF4BFF}
		{811D024F-C1F7-4BB5-AA6D-186B43B90BFE} = {20C9587E-21C3-4667-B90F-9D23A0DD194C}
		{5F5A389D-7633-47AD-A3EB-62927357B3B5} = {811D024F-C1F7-4BB5-AA6D-186B43B90BFE}
		{CF378213-0019-49FC-82F9-4C46E85CA213} = {811D024F-C1F7-4BB5-AA6D-186B43B90BFE}
		{7A6F5EAC-1CE6-4AE1-9AAD-05B6ADA66065} = {811D024F-C1F7-4BB5-AA6D-186B43B90BFE}
		{48DD5B88-3857-4F0F-8D7E-A941CF12A944} = {811D024F-C1F7-4BB5-AA6D-186B43B90BFE}
		{841A7A52-BCFB-4D8A-8F30-4AD05DA52C5F} = {811D024F-C1F7-4BB5-AA6D-186B43B90BFE}
		{1A92BFAE-AAED-E166-4354-4C4A70EB505C} = {B1A038E9-B08B-4183-854E-163DB0DF4BFF}
		{3098B620-BF35-9AC8-EA36-F717505D5679} = {867E30B3-09D3-47E3-821A-D7AA2C27BF1E}
		{438BD9EB-DEC3-4723-946C-06B991C7301D} = {893D5051-9BA5-45AC-84F4-B399BFF417E8}
		{D837E4A1-2A40-4B55-6F42-C947B1684058} = {438BD9EB-DEC3-4723-946C-06B991C7301D}
	EndGlobalSection
	GlobalSection(ExtensibilityGlobals) = postSolution
		SolutionGuid = {B7427F48-643B-48D7-87EA-5FFA7E7187B7}
	EndGlobalSection
EndGlobal
